
Microsoft Visual Studio Solution File, Format Version 12.00
# Visual Studio Version 17
VisualStudioVersion = 17.0.31903.59
MinimumVisualStudioVersion = 10.0.40219.1
Project("{2150E333-8FDC-42A3-9474-1A3956D46DE8}") = "src", "src", "{3672F5DC-55D9-4DBA-82EF-16A69790E1FC}"
EndProject
Project("{FAE04EC0-301F-11D3-BF4B-00C04F79EFBC}") = "Platform.Windows", "src\Platform.Windows\Platform.Windows.csproj", "{608DFDDB-87A4-4B29-BF83-9B62176ED544}"
EndProject
Project("{FAE04EC0-301F-11D3-BF4B-00C04F79EFBC}") = "Core", "src\Core\Core.csproj", "{1B1B667F-C33B-43EC-A976-C64C15EC1C17}"
EndProject
Project("{2150E333-8FDC-42A3-9474-1A3956D46DE8}") = "tests", "tests", "{7C547423-B0C2-4F5D-B506-7A18F72E8AC2}"
EndProject
Project("{FAE04EC0-301F-11D3-BF4B-00C04F79EFBC}") = "Core.Tests", "tests\Core.Tests\Core.Tests.csproj", "{3017DC5A-6A7A-4C93-AD4A-0A35482F9B0B}"
EndProject
Global
	GlobalSection(SolutionConfigurationPlatforms) = preSolution
		Debug|Any CPU = Debug|Any CPU
		Release|Any CPU = Release|Any CPU
	EndGlobalSection
	GlobalSection(SolutionProperties) = preSolution
		HideSolutionNode = FALSE
	EndGlobalSection
	GlobalSection(ProjectConfigurationPlatforms) = postSolution
		{608DFDDB-87A4-4B29-BF83-9B62176ED544}.Debug|Any CPU.ActiveCfg = Debug|Any CPU
		{608DFDDB-87A4-4B29-BF83-9B62176ED544}.Debug|Any CPU.Build.0 = Debug|Any CPU
		{608DFDDB-87A4-4B29-BF83-9B62176ED544}.Release|Any CPU.ActiveCfg = Release|Any CPU
		{608DFDDB-87A4-4B29-BF83-9B62176ED544}.Release|Any CPU.Build.0 = Release|Any CPU
		{1B1B667F-C33B-43EC-A976-C64C15EC1C17}.Debug|Any CPU.ActiveCfg = Debug|Any CPU
		{1B1B667F-C33B-43EC-A976-C64C15EC1C17}.Debug|Any CPU.Build.0 = Debug|Any CPU
		{1B1B667F-C33B-43EC-A976-C64C15EC1C17}.Release|Any CPU.ActiveCfg = Release|Any CPU
		{1B1B667F-C33B-43EC-A976-C64C15EC1C17}.Release|Any CPU.Build.0 = Release|Any CPU
		{3017DC5A-6A7A-4C93-AD4A-0A35482F9B0B}.Debug|Any CPU.ActiveCfg = Debug|Any CPU
		{3017DC5A-6A7A-4C93-AD4A-0A35482F9B0B}.Debug|Any CPU.Build.0 = Debug|Any CPU
		{3017DC5A-6A7A-4C93-AD4A-0A35482F9B0B}.Release|Any CPU.ActiveCfg = Release|Any CPU
		{3017DC5A-6A7A-4C93-AD4A-0A35482F9B0B}.Release|Any CPU.Build.0 = Release|Any CPU
	EndGlobalSection
	GlobalSection(NestedProjects) = preSolution
		{608DFDDB-87A4-4B29-BF83-9B62176ED544} = {3672F5DC-55D9-4DBA-82EF-16A69790E1FC}
		{1B1B667F-C33B-43EC-A976-C64C15EC1C17} = {3672F5DC-55D9-4DBA-82EF-16A69790E1FC}
		{3017DC5A-6A7A-4C93-AD4A-0A35482F9B0B} = {7C547423-B0C2-4F5D-B506-7A18F72E8AC2}
	EndGlobalSection
EndGlobal
